// !$*UTF8*$!
{
	archiveVersion = 1;
	classes = {
	};
	objectVersion = 50;
	objects = {

/* Begin PBXBuildFile section */
		3B1B37342360394D00491474 /* EmojiArtDocumentViewController.swift in Sources */ = {isa = PBXBuildFile; fileRef = 3B1B37332360394D00491474 /* EmojiArtDocumentViewController.swift */; };
		3B1B37362361A77300491474 /* EmojiCollectionViewCell.swift in Sources */ = {isa = PBXBuildFile; fileRef = 3B1B37352361A77300491474 /* EmojiCollectionViewCell.swift */; };
		3B1B37382362CF7900491474 /* EmojiArtView+Gestures.swift in Sources */ = {isa = PBXBuildFile; fileRef = 3B1B37372362CF7900491474 /* EmojiArtView+Gestures.swift */; };
		71FBC2D1235B0D1D00AB3EDD /* AppDelegate.swift in Sources */ = {isa = PBXBuildFile; fileRef = 71FBC2D0235B0D1D00AB3EDD /* AppDelegate.swift */; };
		71FBC2D3235B0D1D00AB3EDD /* SceneDelegate.swift in Sources */ = {isa = PBXBuildFile; fileRef = 71FBC2D2235B0D1D00AB3EDD /* SceneDelegate.swift */; };
		71FBC2D8235B0D1D00AB3EDD /* Main.storyboard in Resources */ = {isa = PBXBuildFile; fileRef = 71FBC2D6235B0D1D00AB3EDD /* Main.storyboard */; };
		71FBC2DA235B0D2300AB3EDD /* Assets.xcassets in Resources */ = {isa = PBXBuildFile; fileRef = 71FBC2D9235B0D2300AB3EDD /* Assets.xcassets */; };
		71FBC2DD235B0D2300AB3EDD /* LaunchScreen.storyboard in Resources */ = {isa = PBXBuildFile; fileRef = 71FBC2DB235B0D2300AB3EDD /* LaunchScreen.storyboard */; };
		71FBC2E6235B0D6900AB3EDD /* EmojiArtViewController.swift in Sources */ = {isa = PBXBuildFile; fileRef = 71FBC2E5235B0D6900AB3EDD /* EmojiArtViewController.swift */; };
		71FBC2E8235B0D8000AB3EDD /* EmojiArtView.swift in Sources */ = {isa = PBXBuildFile; fileRef = 71FBC2E7235B0D8000AB3EDD /* EmojiArtView.swift */; };
		71FBC2EA235C547600AB3EDD /* Utilities.swift in Sources */ = {isa = PBXBuildFile; fileRef = 71FBC2E9235C547600AB3EDD /* Utilities.swift */; };
/* End PBXBuildFile section */

/* Begin PBXFileReference section */
		3B1B37332360394D00491474 /* EmojiArtDocumentViewController.swift */ = {isa = PBXFileReference; lastKnownFileType = sourcecode.swift; path = EmojiArtDocumentViewController.swift; sourceTree = "<group>"; };
		3B1B37352361A77300491474 /* EmojiCollectionViewCell.swift */ = {isa = PBXFileReference; lastKnownFileType = sourcecode.swift; path = EmojiCollectionViewCell.swift; sourceTree = "<group>"; };
		3B1B37372362CF7900491474 /* EmojiArtView+Gestures.swift */ = {isa = PBXFileReference; lastKnownFileType = sourcecode.swift; path = "EmojiArtView+Gestures.swift"; sourceTree = "<group>"; };
		71FBC2CD235B0D1D00AB3EDD /* EmojiArt.app */ = {isa = PBXFileReference; explicitFileType = wrapper.application; includeInIndex = 0; path = EmojiArt.app; sourceTree = BUILT_PRODUCTS_DIR; };
		71FBC2D0235B0D1D00AB3EDD /* AppDelegate.swift */ = {isa = PBXFileReference; lastKnownFileType = sourcecode.swift; path = AppDelegate.swift; sourceTree = "<group>"; };
		71FBC2D2235B0D1D00AB3EDD /* SceneDelegate.swift */ = {isa = PBXFileReference; lastKnownFileType = sourcecode.swift; path = SceneDelegate.swift; sourceTree = "<group>"; };
		71FBC2D7235B0D1D00AB3EDD /* Base */ = {isa = PBXFileReference; lastKnownFileType = file.storyboard; name = Base; path = Base.lproj/Main.storyboard; sourceTree = "<group>"; };
		71FBC2D9235B0D2300AB3EDD /* Assets.xcassets */ = {isa = PBXFileReference; lastKnownFileType = folder.assetcatalog; path = Assets.xcassets; sourceTree = "<group>"; };
		71FBC2DC235B0D2300AB3EDD /* Base */ = {isa = PBXFileReference; lastKnownFileType = file.storyboard; name = Base; path = Base.lproj/LaunchScreen.storyboard; sourceTree = "<group>"; };
		71FBC2DE235B0D2300AB3EDD /* Info.plist */ = {isa = PBXFileReference; lastKnownFileType = text.plist.xml; path = Info.plist; sourceTree = "<group>"; };
		71FBC2E5235B0D6900AB3EDD /* EmojiArtViewController.swift */ = {isa = PBXFileReference; lastKnownFileType = sourcecode.swift; path = EmojiArtViewController.swift; sourceTree = "<group>"; };
		71FBC2E7235B0D8000AB3EDD /* EmojiArtView.swift */ = {isa = PBXFileReference; lastKnownFileType = sourcecode.swift; path = EmojiArtView.swift; sourceTree = "<group>"; };
		71FBC2E9235C547600AB3EDD /* Utilities.swift */ = {isa = PBXFileReference; lastKnownFileType = sourcecode.swift; path = Utilities.swift; sourceTree = "<group>"; };
/* End PBXFileReference section */

/* Begin PBXFrameworksBuildPhase section */
		71FBC2CA235B0D1D00AB3EDD /* Frameworks */ = {
			isa = PBXFrameworksBuildPhase;
			buildActionMask = 2147483647;
			files = (
			);
			runOnlyForDeploymentPostprocessing = 0;
		};
/* End PBXFrameworksBuildPhase section */

/* Begin PBXGroup section */
		71FBC2C4235B0D1D00AB3EDD = {
			isa = PBXGroup;
			children = (
				71FBC2CF235B0D1D00AB3EDD /* EmojiArt */,
				71FBC2CE235B0D1D00AB3EDD /* Products */,
			);
			sourceTree = "<group>";
		};
		71FBC2CE235B0D1D00AB3EDD /* Products */ = {
			isa = PBXGroup;
			children = (
				71FBC2CD235B0D1D00AB3EDD /* EmojiArt.app */,
			);
			name = Products;
			sourceTree = "<group>";
		};
		71FBC2CF235B0D1D00AB3EDD /* EmojiArt */ = {
			isa = PBXGroup;
			children = (
				71FBC2D6235B0D1D00AB3EDD /* Main.storyboard */,
				71FBC2DE235B0D2300AB3EDD /* Info.plist */,
				3B1B37332360394D00491474 /* EmojiArtDocumentViewController.swift */,
				71FBC2E5235B0D6900AB3EDD /* EmojiArtViewController.swift */,
				71FBC2E7235B0D8000AB3EDD /* EmojiArtView.swift */,
				3B1B37352361A77300491474 /* EmojiCollectionViewCell.swift */,
				71FBC2E9235C547600AB3EDD /* Utilities.swift */,
				3B1B37372362CF7900491474 /* EmojiArtView+Gestures.swift */,
				71FBC2E4235B0D3800AB3EDD /* Supporting Files */,
			);
			path = EmojiArt;
			sourceTree = "<group>";
		};
		71FBC2E4235B0D3800AB3EDD /* Supporting Files */ = {
			isa = PBXGroup;
			children = (
				71FBC2D0235B0D1D00AB3EDD /* AppDelegate.swift */,
				71FBC2D2235B0D1D00AB3EDD /* SceneDelegate.swift */,
				71FBC2D9235B0D2300AB3EDD /* Assets.xcassets */,
				71FBC2DB235B0D2300AB3EDD /* LaunchScreen.storyboard */,
			);
			path = "Supporting Files";
			sourceTree = "<group>";
		};
/* End PBXGroup section */

/* Begin PBXNativeTarget section */
		71FBC2CC235B0D1D00AB3EDD /* EmojiArt */ = {
			isa = PBXNativeTarget;
			buildConfigurationList = 71FBC2E1235B0D2300AB3EDD /* Build configuration list for PBXNativeTarget "EmojiArt" */;
			buildPhases = (
				71FBC2C9235B0D1D00AB3EDD /* Sources */,
				71FBC2CA235B0D1D00AB3EDD /* Frameworks */,
				71FBC2CB235B0D1D00AB3EDD /* Resources */,
			);
			buildRules = (
			);
			dependencies = (
			);
			name = EmojiArt;
			productName = EmojiArt;
			productReference = 71FBC2CD235B0D1D00AB3EDD /* EmojiArt.app */;
			productType = "com.apple.product-type.application";
		};
/* End PBXNativeTarget section */

/* Begin PBXProject section */
		71FBC2C5235B0D1D00AB3EDD /* Project object */ = {
			isa = PBXProject;
			attributes = {
				LastSwiftUpdateCheck = 1100;
				LastUpgradeCheck = 1100;
				ORGANIZATIONNAME = "tao Tao";
				TargetAttributes = {
					71FBC2CC235B0D1D00AB3EDD = {
						CreatedOnToolsVersion = 11.0;
					};
				};
			};
			buildConfigurationList = 71FBC2C8235B0D1D00AB3EDD /* Build configuration list for PBXProject "EmojiArt" */;
			compatibilityVersion = "Xcode 9.3";
			developmentRegion = en;
			hasScannedForEncodings = 0;
			knownRegions = (
				en,
				Base,
			);
			mainGroup = 71FBC2C4235B0D1D00AB3EDD;
			productRefGroup = 71FBC2CE235B0D1D00AB3EDD /* Products */;
			projectDirPath = "";
			projectRoot = "";
			targets = (
				71FBC2CC235B0D1D00AB3EDD /* EmojiArt */,
			);
		};
/* End PBXProject section */

/* Begin PBXResourcesBuildPhase section */
		71FBC2CB235B0D1D00AB3EDD /* Resources */ = {
			isa = PBXResourcesBuildPhase;
			buildActionMask = 2147483647;
			files = (
				71FBC2DD235B0D2300AB3EDD /* LaunchScreen.storyboard in Resources */,
				71FBC2DA235B0D2300AB3EDD /* Assets.xcassets in Resources */,
				71FBC2D8235B0D1D00AB3EDD /* Main.storyboard in Resources */,
			);
			runOnlyForDeploymentPostprocessing = 0;
		};
/* End PBXResourcesBuildPhase section */

/* Begin PBXSourcesBuildPhase section */
		71FBC2C9235B0D1D00AB3EDD /* Sources */ = {
			isa = PBXSourcesBuildPhase;
			buildActionMask = 2147483647;
			files = (
				3B1B37362361A77300491474 /* EmojiCollectionViewCell.swift in Sources */,
				3B1B37382362CF7900491474 /* EmojiArtView+Gestures.swift in Sources */,
				71FBC2D1235B0D1D00AB3EDD /* AppDelegate.swift in Sources */,
				71FBC2E6235B0D6900AB3EDD /* EmojiArtViewController.swift in Sources */,
				3B1B37342360394D00491474 /* EmojiArtDocumentViewController.swift in Sources */,
				71FBC2D3235B0D1D00AB3EDD /* SceneDelegate.swift in Sources */,
				71FBC2EA235C547600AB3EDD /* Utilities.swift in Sources */,
				71FBC2E8235B0D8000AB3EDD /* EmojiArtView.swift in Sources */,
			);
			runOnlyForDeploymentPostprocessing = 0;
		};
/* End PBXSourcesBuildPhase section */

/* Begin PBXVariantGroup section */
		71FBC2D6235B0D1D00AB3EDD /* Main.storyboard */ = {
			isa = PBXVariantGroup;
			children = (
				71FBC2D7235B0D1D00AB3EDD /* Base */,
			);
			name = Main.storyboard;
			sourceTree = "<group>";
		};
		71FBC2DB235B0D2300AB3EDD /* LaunchScreen.storyboard */ = {
			isa = PBXVariantGroup;
			children = (
				71FBC2DC235B0D2300AB3EDD /* Base */,
			);
			name = LaunchScreen.storyboard;
			sourceTree = "<group>";
		};
/* End PBXVariantGroup section */

/* Begin XCBuildConfiguration section */
		71FBC2DF235B0D2300AB3EDD /* Debug */ = {
			isa = XCBuildConfiguration;
			buildSettings = {
				ALWAYS_SEARCH_USER_PATHS = NO;
				CLANG_ANALYZER_NONNULL = YES;
				CLANG_ANALYZER_NUMBER_OBJECT_CONVERSION = YES_AGGRESSIVE;
				CLANG_CXX_LANGUAGE_STANDARD = "gnu++14";
				CLANG_CXX_LIBRARY = "libc++";
				CLANG_ENABLE_MODULES = YES;
				CLANG_ENABLE_OBJC_ARC = YES;
				CLANG_ENABLE_OBJC_WEAK = YES;
				CLANG_WARN_BLOCK_CAPTURE_AUTORELEASING = YES;
				CLANG_WARN_BOOL_CONVERSION = YES;
				CLANG_WARN_COMMA = YES;
				CLANG_WARN_CONSTANT_CONVERSION = YES;
				CLANG_WARN_DEPRECATED_OBJC_IMPLEMENTATIONS = YES;
				CLANG_WARN_DIRECT_OBJC_ISA_USAGE = YES_ERROR;
				CLANG_WARN_DOCUMENTATION_COMMENTS = YES;
				CLANG_WARN_EMPTY_BODY = YES;
				CLANG_WARN_ENUM_CONVERSION = YES;
				CLANG_WARN_INFINITE_RECURSION = YES;
				CLANG_WARN_INT_CONVERSION = YES;
				CLANG_WARN_NON_LITERAL_NULL_CONVERSION = YES;
				CLANG_WARN_OBJC_IMPLICIT_RETAIN_SELF = YES;
				CLANG_WARN_OBJC_LITERAL_CONVERSION = YES;
				CLANG_WARN_OBJC_ROOT_CLASS = YES_ERROR;
				CLANG_WARN_RANGE_LOOP_ANALYSIS = YES;
				CLANG_WARN_STRICT_PROTOTYPES = YES;
				CLANG_WARN_SUSPICIOUS_MOVE = YES;
				CLANG_WARN_UNGUARDED_AVAILABILITY = YES_AGGRESSIVE;
				CLANG_WARN_UNREACHABLE_CODE = YES;
				CLANG_WARN__DUPLICATE_METHOD_MATCH = YES;
				COPY_PHASE_STRIP = NO;
				DEBUG_INFORMATION_FORMAT = dwarf;
				ENABLE_STRICT_OBJC_MSGSEND = YES;
				ENABLE_TESTABILITY = YES;
				GCC_C_LANGUAGE_STANDARD = gnu11;
				GCC_DYNAMIC_NO_PIC = NO;
				GCC_NO_COMMON_BLOCKS = YES;
				GCC_OPTIMIZATION_LEVEL = 0;
				GCC_PREPROCESSOR_DEFINITIONS = (
					"DEBUG=1",
					"$(inherited)",
				);
				GCC_WARN_64_TO_32_BIT_CONVERSION = YES;
				GCC_WARN_ABOUT_RETURN_TYPE = YES_ERROR;
				GCC_WARN_UNDECLARED_SELECTOR = YES;
				GCC_WARN_UNINITIALIZED_AUTOS = YES_AGGRESSIVE;
				GCC_WARN_UNUSED_FUNCTION = YES;
				GCC_WARN_UNUSED_VARIABLE = YES;
				IPHONEOS_DEPLOYMENT_TARGET = 13.0;
				MTL_ENABLE_DEBUG_INFO = INCLUDE_SOURCE;
				MTL_FAST_MATH = YES;
				ONLY_ACTIVE_ARCH = YES;
				SDKROOT = iphoneos;
				SWIFT_ACTIVE_COMPILATION_CONDITIONS = DEBUG;
				SWIFT_OPTIMIZATION_LEVEL = "-Onone";
			};
			name = Debug;
		};
		71FBC2E0235B0D2300AB3EDD /* Release */ = {
			isa = XCBuildConfiguration;
			buildSettings = {
				ALWAYS_SEARCH_USER_PATHS = NO;
				CLANG_ANALYZER_NONNULL = YES;
				CLANG_ANALYZER_NUMBER_OBJECT_CONVERSION = YES_AGGRESSIVE;
				CLANG_CXX_LANGUAGE_STANDARD = "gnu++14";
				CLANG_CXX_LIBRARY = "libc++";
				CLANG_ENABLE_MODULES = YES;
				CLANG_ENABLE_OBJC_ARC = YES;
				CLANG_ENABLE_OBJC_WEAK = YES;
				CLANG_WARN_BLOCK_CAPTURE_AUTORELEASING = YES;
				CLANG_WARN_BOOL_CONVERSION = YES;
				CLANG_WARN_COMMA = YES;
				CLANG_WARN_CONSTANT_CONVERSION = YES;
				CLANG_WARN_DEPRECATED_OBJC_IMPLEMENTATIONS = YES;
				CLANG_WARN_DIRECT_OBJC_ISA_USAGE = YES_ERROR;
				CLANG_WARN_DOCUMENTATION_COMMENTS = YES;
				CLANG_WARN_EMPTY_BODY = YES;
				CLANG_WARN_ENUM_CONVERSION = YES;
				CLANG_WARN_INFINITE_RECURSION = YES;
				CLANG_WARN_INT_CONVERSION = YES;
				CLANG_WARN_NON_LITERAL_NULL_CONVERSION = YES;
				CLANG_WARN_OBJC_IMPLICIT_RETAIN_SELF = YES;
				CLANG_WARN_OBJC_LITERAL_CONVERSION = YES;
				CLANG_WARN_OBJC_ROOT_CLASS = YES_ERROR;
				CLANG_WARN_RANGE_LOOP_ANALYSIS = YES;
				CLANG_WARN_STRICT_PROTOTYPES = YES;
				CLANG_WARN_SUSPICIOUS_MOVE = YES;
				CLANG_WARN_UNGUARDED_AVAILABILITY = YES_AGGRESSIVE;
				CLANG_WARN_UNREACHABLE_CODE = YES;
				CLANG_WARN__DUPLICATE_METHOD_MATCH = YES;
				COPY_PHASE_STRIP = NO;
				DEBUG_INFORMATION_FORMAT = "dwarf-with-dsym";
				ENABLE_NS_ASSERTIONS = NO;
				ENABLE_STRICT_OBJC_MSGSEND = YES;
				GCC_C_LANGUAGE_STANDARD = gnu11;
				GCC_NO_COMMON_BLOCKS = YES;
				GCC_WARN_64_TO_32_BIT_CONVERSION = YES;
				GCC_WARN_ABOUT_RETURN_TYPE = YES_ERROR;
				GCC_WARN_UNDECLARED_SELECTOR = YES;
				GCC_WARN_UNINITIALIZED_AUTOS = YES_AGGRESSIVE;
				GCC_WARN_UNUSED_FUNCTION = YES;
				GCC_WARN_UNUSED_VARIABLE = YES;
				IPHONEOS_DEPLOYMENT_TARGET = 13.0;
				MTL_ENABLE_DEBUG_INFO = NO;
				MTL_FAST_MATH = YES;
				SDKROOT = iphoneos;
				SWIFT_COMPILATION_MODE = wholemodule;
				SWIFT_OPTIMIZATION_LEVEL = "-O";
				VALIDATE_PRODUCT = YES;
			};
			name = Release;
		};
		71FBC2E2235B0D2300AB3EDD /* Debug */ = {
			isa = XCBuildConfiguration;
			buildSettings = {
				ASSETCATALOG_COMPILER_APPICON_NAME = AppIcon;
				CODE_SIGN_STYLE = Automatic;
				INFOPLIST_FILE = EmojiArt/Info.plist;
				LD_RUNPATH_SEARCH_PATHS = (
					"$(inherited)",
					"@executable_path/Frameworks",
				);
				PRODUCT_BUNDLE_IDENTIFIER = com.tTcoder.EmojiArt;
				PRODUCT_NAME = "$(TARGET_NAME)";
				SWIFT_VERSION = 5.0;
				TARGETED_DEVICE_FAMILY = "1,2";
			};
			name = Debug;
		};
		71FBC2E3235B0D2300AB3EDD /* Release */ = {
			isa = XCBuildConfiguration;
			buildSettings = {
				ASSETCATALOG_COMPILER_APPICON_NAME = AppIcon;
				CODE_SIGN_STYLE = Automatic;
				INFOPLIST_FILE = EmojiArt/Info.plist;
				LD_RUNPATH_SEARCH_PATHS = (
					"$(inherited)",
					"@executable_path/Frameworks",
				);
				PRODUCT_BUNDLE_IDENTIFIER = com.tTcoder.EmojiArt;
				PRODUCT_NAME = "$(TARGET_NAME)";
				SWIFT_VERSION = 5.0;
				TARGETED_DEVICE_FAMILY = "1,2";
			};
			name = Release;
		};
/* End XCBuildConfiguration section */

/* Begin XCConfigurationList section */
		71FBC2C8235B0D1D00AB3EDD /* Build configuration list for PBXProject "EmojiArt" */ = {
			isa = XCConfigurationList;
			buildConfigurations = (
				71FBC2DF235B0D2300AB3EDD /* Debug */,
				71FBC2E0235B0D2300AB3EDD /* Release */,
			);
			defaultConfigurationIsVisible = 0;
			defaultConfigurationName = Release;
		};
		71FBC2E1235B0D2300AB3EDD /* Build configuration list for PBXNativeTarget "EmojiArt" */ = {
			isa = XCConfigurationList;
			buildConfigurations = (
				71FBC2E2235B0D2300AB3EDD /* Debug */,
				71FBC2E3235B0D2300AB3EDD /* Release */,
			);
			defaultConfigurationIsVisible = 0;
			defaultConfigurationName = Release;
		};
/* End XCConfigurationList section */
	};
	rootObject = 71FBC2C5235B0D1D00AB3EDD /* Project object */;
}
